
Microsoft Visual Studio Solution File, Format Version 12.00
Project("{FAE04EC0-301F-11D3-BF4B-00C04F79EFBC}") = "AsyncTaskStrategy", "AsyncTaskStrategy\AsyncTaskStrategy.csproj", "{F65E5D40-7A92-4A5F-B638-16FD8AE93D95}"
EndProject
Project("{FAE04EC0-301F-11D3-BF4B-00C04F79EFBC}") = "AsyncTaskStraregyLib", "AsyncTaskStraregyLib\AsyncTaskStraregyLib.csproj", "{24E02943-C3E2-4001-9D82-E03839BFB45A}"
EndProject
Project("{FAE04EC0-301F-11D3-BF4B-00C04F79EFBC}") = "AsyncTaskStrategyDb", "AsyncTaskStrategyDb\AsyncTaskStrategyDb.csproj", "{C3F91987-FAB4-4E6B-86B6-CF175C99DD57}"
EndProject
Project("{FAE04EC0-301F-11D3-BF4B-00C04F79EFBC}") = "AsyncTaskStrategyCommon", "AsyncTaskStrategyCommon\AsyncTaskStrategyCommon.csproj", "{05E83CDA-8072-40F2-B8CE-CA64DAAC6DF7}"
EndProject
Global
	GlobalSection(SolutionConfigurationPlatforms) = preSolution
		Debug|Any CPU = Debug|Any CPU
		Release|Any CPU = Release|Any CPU
	EndGlobalSection
	GlobalSection(ProjectConfigurationPlatforms) = postSolution
		{F65E5D40-7A92-4A5F-B638-16FD8AE93D95}.Debug|Any CPU.ActiveCfg = Debug|Any CPU
		{F65E5D40-7A92-4A5F-B638-16FD8AE93D95}.Debug|Any CPU.Build.0 = Debug|Any CPU
		{F65E5D40-7A92-4A5F-B638-16FD8AE93D95}.Release|Any CPU.ActiveCfg = Release|Any CPU
		{F65E5D40-7A92-4A5F-B638-16FD8AE93D95}.Release|Any CPU.Build.0 = Release|Any CPU
		{24E02943-C3E2-4001-9D82-E03839BFB45A}.Debug|Any CPU.ActiveCfg = Debug|Any CPU
		{24E02943-C3E2-4001-9D82-E03839BFB45A}.Debug|Any CPU.Build.0 = Debug|Any CPU
		{24E02943-C3E2-4001-9D82-E03839BFB45A}.Release|Any CPU.ActiveCfg = Release|Any CPU
		{24E02943-C3E2-4001-9D82-E03839BFB45A}.Release|Any CPU.Build.0 = Release|Any CPU
		{C3F91987-FAB4-4E6B-86B6-CF175C99DD57}.Debug|Any CPU.ActiveCfg = Debug|Any CPU
		{C3F91987-FAB4-4E6B-86B6-CF175C99DD57}.Debug|Any CPU.Build.0 = Debug|Any CPU
		{C3F91987-FAB4-4E6B-86B6-CF175C99DD57}.Release|Any CPU.ActiveCfg = Release|Any CPU
		{C3F91987-FAB4-4E6B-86B6-CF175C99DD57}.Release|Any CPU.Build.0 = Release|Any CPU
		{05E83CDA-8072-40F2-B8CE-CA64DAAC6DF7}.Debug|Any CPU.ActiveCfg = Debug|Any CPU
		{05E83CDA-8072-40F2-B8CE-CA64DAAC6DF7}.Debug|Any CPU.Build.0 = Debug|Any CPU
		{05E83CDA-8072-40F2-B8CE-CA64DAAC6DF7}.Release|Any CPU.ActiveCfg = Release|Any CPU
		{05E83CDA-8072-40F2-B8CE-CA64DAAC6DF7}.Release|Any CPU.Build.0 = Release|Any CPU
	EndGlobalSection
EndGlobal
